
Microsoft Visual Studio Solution File, Format Version 12.00
# Visual Studio Version 17
VisualStudioVersion = 17.9.34622.214
MinimumVisualStudioVersion = 10.0.40219.1
Project("{2150E333-8FDC-42A3-9474-1A3956D46DE8}") = "src", "src", "{02EA681E-C7D8-13C7-8484-4AC65E1B71E8}"
EndProject
Project("{FAE04EC0-301F-11D3-BF4B-00C04F79EFBC}") = "TensorRtSharp", "src\TensorRtSharp.csproj", "{AF819692-55FE-CB00-4B0C-B66E3DF7F426}"
EndProject
Project("{2150E333-8FDC-42A3-9474-1A3956D46DE8}") = "demos", "demos", "{9ACC212F-D122-40E2-96EE-6942D14827F9}"
EndProject
Project("{FAE04EC0-301F-11D3-BF4B-00C04F79EFBC}") = "TestDemo", "demos\TestDemo\TestDemo.csproj", "{84717022-0C87-4AB1-BE75-B163560F671C}"
EndProject
Project("{FAE04EC0-301F-11D3-BF4B-00C04F79EFBC}") = "WinFormsAppDemo", "demos\WinFormsAppDemo\WinFormsAppDemo.csproj", "{C3740A97-4CC1-425D-A736-BC508F920094}"
EndProject
Global
	GlobalSection(SolutionConfigurationPlatforms) = preSolution
		Debug|Any CPU = Debug|Any CPU
		Release|Any CPU = Release|Any CPU
	EndGlobalSection
	GlobalSection(ProjectConfigurationPlatforms) = postSolution
		{AF819692-55FE-CB00-4B0C-B66E3DF7F426}.Debug|Any CPU.ActiveCfg = Debug|Any CPU
		{AF819692-55FE-CB00-4B0C-B66E3DF7F426}.Debug|Any CPU.Build.0 = Debug|Any CPU
		{AF819692-55FE-CB00-4B0C-B66E3DF7F426}.Release|Any CPU.ActiveCfg = Release|Any CPU
		{AF819692-55FE-CB00-4B0C-B66E3DF7F426}.Release|Any CPU.Build.0 = Release|Any CPU
		{84717022-0C87-4AB1-BE75-B163560F671C}.Debug|Any CPU.ActiveCfg = Debug|Any CPU
		{84717022-0C87-4AB1-BE75-B163560F671C}.Debug|Any CPU.Build.0 = Debug|Any CPU
		{84717022-0C87-4AB1-BE75-B163560F671C}.Release|Any CPU.ActiveCfg = Release|Any CPU
		{84717022-0C87-4AB1-BE75-B163560F671C}.Release|Any CPU.Build.0 = Release|Any CPU
		{C3740A97-4CC1-425D-A736-BC508F920094}.Debug|Any CPU.ActiveCfg = Debug|Any CPU
		{C3740A97-4CC1-425D-A736-BC508F920094}.Debug|Any CPU.Build.0 = Debug|Any CPU
		{C3740A97-4CC1-425D-A736-BC508F920094}.Release|Any CPU.ActiveCfg = Release|Any CPU
		{C3740A97-4CC1-425D-A736-BC508F920094}.Release|Any CPU.Build.0 = Release|Any CPU
	EndGlobalSection
	GlobalSection(SolutionProperties) = preSolution
		HideSolutionNode = FALSE
	EndGlobalSection
	GlobalSection(NestedProjects) = preSolution
		{AF819692-55FE-CB00-4B0C-B66E3DF7F426} = {02EA681E-C7D8-13C7-8484-4AC65E1B71E8}
		{84717022-0C87-4AB1-BE75-B163560F671C} = {9ACC212F-D122-40E2-96EE-6942D14827F9}
		{C3740A97-4CC1-425D-A736-BC508F920094} = {9ACC212F-D122-40E2-96EE-6942D14827F9}
	EndGlobalSection
	GlobalSection(ExtensibilityGlobals) = postSolution
		SolutionGuid = {FF56287F-D355-4281-A49F-E4C9AADA94D9}
	EndGlobalSection
EndGlobal
