
Microsoft Visual Studio Solution File, Format Version 12.00
# Visual Studio Version 17
VisualStudioVersion = 17.0.31903.59
MinimumVisualStudioVersion = 10.0.40219.1
Project("{2150E333-8FDC-42A3-9474-1A3956D46DE8}") = "src", "src", "{827E0CD3-B72D-47B6-A68D-7590B98EB39B}"
EndProject
Project("{FAE04EC0-301F-11D3-BF4B-00C04F79EFBC}") = "JYPPX.Shared", "src\JYPPX.Shared\JYPPX.Shared.csproj", "{4FBE8B64-06DD-4031-84BB-22EFBFC9946B}"
EndProject
Project("{FAE04EC0-301F-11D3-BF4B-00C04F79EFBC}") = "JYPPX.TensorRtSharp", "src\JYPPX.TensorRtSharp\JYPPX.TensorRtSharp.csproj", "{7FF5146F-8E08-4039-A57A-489A9F0E87ED}"
EndProject
Project("{FAE04EC0-301F-11D3-BF4B-00C04F79EFBC}") = "JYPPX.CudaSharp", "src\JYPPX.CudaSharp\JYPPX.CudaSharp.csproj", "{56469463-1CE6-41D1-8876-7374976AAAFA}"
EndProject
Project("{2150E333-8FDC-42A3-9474-1A3956D46DE8}") = "pack", "pack", "{78453166-59D3-F6E5-1AF7-6BAE5D72A388}"
EndProject
Project("{FAE04EC0-301F-11D3-BF4B-00C04F79EFBC}") = "JYPPX.TensorRT.CSharp.API", "pack\JYPPX.TensorRT.CSharp.API\JYPPX.TensorRT.CSharp.API.csproj", "{0ED1C5E0-3436-4BDE-AAF5-3325ADF704B8}"
EndProject
Project("{2150E333-8FDC-42A3-9474-1A3956D46DE8}") = "samples", "samples", "{5D20AA90-6969-D8BD-9DCD-8634F4692FDA}"
EndProject
Project("{2150E333-8FDC-42A3-9474-1A3956D46DE8}") = "smoke", "smoke", "{B08B4D4D-59D4-4B2C-AF1F-EEA2D2C2D7B1}"
EndProject
Project("{FAE04EC0-301F-11D3-BF4B-00C04F79EFBC}") = "CudaSmokeRunner", "smoke\CudaSmokeRunner\CudaSmokeRunner.csproj", "{B85C0A64-F392-40EA-BF9E-11A752FF0F51}"
EndProject
Project("{FAE04EC0-301F-11D3-BF4B-00C04F79EFBC}") = "TensorRtSmokeRunner", "smoke\TensorRtSmokeRunner\TensorRtSmokeRunner.csproj", "{0CF58868-0534-4563-BF3D-0A1E8CDDE093}"
EndProject
Project("{2150E333-8FDC-42A3-9474-1A3956D46DE8}") = "tools", "tools", "{07C2787E-EAC7-C090-1BA3-A61EC2A24D84}"
EndProject
Project("{FAE04EC0-301F-11D3-BF4B-00C04F79EFBC}") = "JYPPX.BindingGenerator", "tools\JYPPX.BindingGenerator\JYPPX.BindingGenerator.csproj", "{1D56A175-4C1A-4606-BBB1-3CD8C8C36564}"
EndProject
Project("{2150E333-8FDC-42A3-9474-1A3956D46DE8}") = "tests", "tests", "{0AB3BF05-4346-4AA6-1389-037BE0695223}"
EndProject
Project("{FAE04EC0-301F-11D3-BF4B-00C04F79EFBC}") = "JYPPX.ProjectQuality.Tests", "tests\JYPPX.ProjectQuality.Tests\JYPPX.ProjectQuality.Tests.csproj", "{46CE0D77-C369-41D4-BA0A-2C6E2EFD9F17}"
EndProject
Project("{FAE04EC0-301F-11D3-BF4B-00C04F79EFBC}") = "LifecycleSmokeRunner", "smoke\LifecycleSmokeRunner\LifecycleSmokeRunner.csproj", "{DFF0A828-E73A-4238-9801-89A65AB536B3}"
EndProject
Project("{FAE04EC0-301F-11D3-BF4B-00C04F79EFBC}") = "OnnxToEngineSmokeRunner", "smoke\OnnxToEngineSmokeRunner\OnnxToEngineSmokeRunner.csproj", "{8C407FCD-0A67-43B7-8A29-E382E3E8CD80}"
EndProject
Project("{FAE04EC0-301F-11D3-BF4B-00C04F79EFBC}") = "NetworkBuilderSmokeRunner", "smoke\NetworkBuilderSmokeRunner\NetworkBuilderSmokeRunner.csproj", "{54A0F193-A36C-4D4E-B22A-8F878DD0C2BA}"
EndProject
Project("{FAE04EC0-301F-11D3-BF4B-00C04F79EFBC}") = "NetworkLayersSmokeRunner", "smoke\NetworkLayersSmokeRunner\NetworkLayersSmokeRunner.csproj", "{2190337D-37FF-478D-AF6A-12B57467BB23}"
EndProject
Project("{FAE04EC0-301F-11D3-BF4B-00C04F79EFBC}") = "NetworkShapeOpsSmokeRunner", "smoke\NetworkShapeOpsSmokeRunner\NetworkShapeOpsSmokeRunner.csproj", "{1D76EF93-B190-43A8-9FCE-976B905753A5}"
EndProject
Project("{FAE04EC0-301F-11D3-BF4B-00C04F79EFBC}") = "NetworkConcatSliceSmokeRunner", "smoke\NetworkConcatSliceSmokeRunner\NetworkConcatSliceSmokeRunner.csproj", "{7DAD5E58-5B4B-4D91-BFA8-59917617227E}"
EndProject
Project("{FAE04EC0-301F-11D3-BF4B-00C04F79EFBC}") = "NetworkSoftmaxTopKSmokeRunner", "smoke\NetworkSoftmaxTopKSmokeRunner\NetworkSoftmaxTopKSmokeRunner.csproj", "{7A4DC51C-B778-47DD-BC94-9A77A7FE3407}"
EndProject
Project("{FAE04EC0-301F-11D3-BF4B-00C04F79EFBC}") = "NetworkActivationPoolingResizeSmokeRunner", "smoke\NetworkActivationPoolingResizeSmokeRunner\NetworkActivationPoolingResizeSmokeRunner.csproj", "{A9B1FD94-22A8-440E-AFA0-97F569058D34}"
EndProject
Project("{FAE04EC0-301F-11D3-BF4B-00C04F79EFBC}") = "NetworkMatrixFillSelectSmokeRunner", "smoke\NetworkMatrixFillSelectSmokeRunner\NetworkMatrixFillSelectSmokeRunner.csproj", "{3F371FA9-4E4E-472B-B804-30602B09479C}"
EndProject
Project("{FAE04EC0-301F-11D3-BF4B-00C04F79EFBC}") = "NetworkConvolutionScaleSmokeRunner", "smoke\NetworkConvolutionScaleSmokeRunner\NetworkConvolutionScaleSmokeRunner.csproj", "{02F83402-AD16-4F2B-A929-5D6513A7B346}"
EndProject
Project("{FAE04EC0-301F-11D3-BF4B-00C04F79EFBC}") = "NetworkDeconvolutionSmokeRunner", "smoke\NetworkDeconvolutionSmokeRunner\NetworkDeconvolutionSmokeRunner.csproj", "{9D34E4E8-D4D2-424A-9F8B-DC5B9CBE4202}"
EndProject
Project("{FAE04EC0-301F-11D3-BF4B-00C04F79EFBC}") = "CudaGraphSmokeRunner", "smoke\CudaGraphSmokeRunner\CudaGraphSmokeRunner.csproj", "{4DDEBD9F-D80B-4005-97CB-04ED6FBB02AD}"
EndProject
Project("{FAE04EC0-301F-11D3-BF4B-00C04F79EFBC}") = "NetworkLrnSmokeRunner", "smoke\NetworkLrnSmokeRunner\NetworkLrnSmokeRunner.csproj", "{1722B50B-A84A-4C1F-BCE3-9DF173DCBD71}"
EndProject
Project("{FAE04EC0-301F-11D3-BF4B-00C04F79EFBC}") = "NetworkQuantizeDequantizeSmokeRunner", "smoke\NetworkQuantizeDequantizeSmokeRunner\NetworkQuantizeDequantizeSmokeRunner.csproj", "{AC784F3C-B8B7-42A7-8C52-F692ACF82B9D}"
EndProject
Project("{FAE04EC0-301F-11D3-BF4B-00C04F79EFBC}") = "RefitWeightsSmokeRunner", "smoke\RefitWeightsSmokeRunner\RefitWeightsSmokeRunner.csproj", "{77F10ED5-DAF6-49B7-87F0-7CC7CA34685D}"
EndProject
Project("{FAE04EC0-301F-11D3-BF4B-00C04F79EFBC}") = "InferenceBindingsSmokeRunner", "smoke\InferenceBindingsSmokeRunner\InferenceBindingsSmokeRunner.csproj", "{8E58C723-EB43-4D7F-8426-9507766AD6C8}"
EndProject
Project("{FAE04EC0-301F-11D3-BF4B-00C04F79EFBC}") = "NetworkTrt11ModernLayersSmokeRunner", "smoke\NetworkTrt11ModernLayersSmokeRunner\NetworkTrt11ModernLayersSmokeRunner.csproj", "{747A9A0E-6C87-4BDF-B8F4-D6C14BA6C1BE}"
EndProject
Project("{FAE04EC0-301F-11D3-BF4B-00C04F79EFBC}") = "NetworkTrt11ModernLayerMetadataRunner", "smoke\NetworkTrt11ModernLayerMetadataRunner\NetworkTrt11ModernLayerMetadataRunner.csproj", "{2BB7EA73-13C0-4D45-8C5C-761A7836E3C3}"
EndProject
Project("{FAE04EC0-301F-11D3-BF4B-00C04F79EFBC}") = "NetworkTrt11AdvancedLayersSmokeRunner", "smoke\NetworkTrt11AdvancedLayersSmokeRunner\NetworkTrt11AdvancedLayersSmokeRunner.csproj", "{C7D2524D-5708-4E82-BBA6-4C27DE318E07}"
EndProject
Project("{FAE04EC0-301F-11D3-BF4B-00C04F79EFBC}") = "NetworkCompatLayerMetadataSmokeRunner", "smoke\NetworkCompatLayerMetadataSmokeRunner\NetworkCompatLayerMetadataSmokeRunner.csproj", "{67F96954-1712-4070-B176-B0B8F3DDE1F9}"
EndProject
Project("{FAE04EC0-301F-11D3-BF4B-00C04F79EFBC}") = "MultiStream", "samples\MultiStream\MultiStream.csproj", "{D3059B00-7A10-455D-9546-BDEEE74D0F40}"
EndProject
Project("{FAE04EC0-301F-11D3-BF4B-00C04F79EFBC}") = "DynamicShape", "samples\DynamicShape\DynamicShape.csproj", "{33010930-E6B0-4B84-B2C9-32403B2F46B1}"
EndProject
Project("{FAE04EC0-301F-11D3-BF4B-00C04F79EFBC}") = "InferenceBindings", "samples\InferenceBindings\InferenceBindings.csproj", "{7B6F8A61-4A53-4F43-90C9-CDF6EFB24971}"
EndProject
Project("{FAE04EC0-301F-11D3-BF4B-00C04F79EFBC}") = "OnnxToEngine", "samples\OnnxToEngine\OnnxToEngine.csproj", "{493E78D0-55A7-4C04-9743-AB5603F9E42C}"
EndProject
Global
	GlobalSection(SolutionConfigurationPlatforms) = preSolution
		Debug|Any CPU = Debug|Any CPU
		Debug|x64 = Debug|x64
		Debug|x86 = Debug|x86
		Release|Any CPU = Release|Any CPU
		Release|x64 = Release|x64
		Release|x86 = Release|x86
	EndGlobalSection
	GlobalSection(ProjectConfigurationPlatforms) = postSolution
		{4FBE8B64-06DD-4031-84BB-22EFBFC9946B}.Debug|Any CPU.ActiveCfg = Debug|Any CPU
		{4FBE8B64-06DD-4031-84BB-22EFBFC9946B}.Debug|Any CPU.Build.0 = Debug|Any CPU
		{4FBE8B64-06DD-4031-84BB-22EFBFC9946B}.Debug|x64.ActiveCfg = Debug|Any CPU
		{4FBE8B64-06DD-4031-84BB-22EFBFC9946B}.Debug|x64.Build.0 = Debug|Any CPU
		{4FBE8B64-06DD-4031-84BB-22EFBFC9946B}.Debug|x86.ActiveCfg = Debug|Any CPU
		{4FBE8B64-06DD-4031-84BB-22EFBFC9946B}.Debug|x86.Build.0 = Debug|Any CPU
		{4FBE8B64-06DD-4031-84BB-22EFBFC9946B}.Release|Any CPU.ActiveCfg = Release|Any CPU
		{4FBE8B64-06DD-4031-84BB-22EFBFC9946B}.Release|Any CPU.Build.0 = Release|Any CPU
		{4FBE8B64-06DD-4031-84BB-22EFBFC9946B}.Release|x64.ActiveCfg = Release|Any CPU
		{4FBE8B64-06DD-4031-84BB-22EFBFC9946B}.Release|x64.Build.0 = Release|Any CPU
		{4FBE8B64-06DD-4031-84BB-22EFBFC9946B}.Release|x86.ActiveCfg = Release|Any CPU
		{4FBE8B64-06DD-4031-84BB-22EFBFC9946B}.Release|x86.Build.0 = Release|Any CPU
		{7FF5146F-8E08-4039-A57A-489A9F0E87ED}.Debug|Any CPU.ActiveCfg = Debug|Any CPU
		{7FF5146F-8E08-4039-A57A-489A9F0E87ED}.Debug|Any CPU.Build.0 = Debug|Any CPU
		{7FF5146F-8E08-4039-A57A-489A9F0E87ED}.Debug|x64.ActiveCfg = Debug|Any CPU
		{7FF5146F-8E08-4039-A57A-489A9F0E87ED}.Debug|x64.Build.0 = Debug|Any CPU
		{7FF5146F-8E08-4039-A57A-489A9F0E87ED}.Debug|x86.ActiveCfg = Debug|Any CPU
		{7FF5146F-8E08-4039-A57A-489A9F0E87ED}.Debug|x86.Build.0 = Debug|Any CPU
		{7FF5146F-8E08-4039-A57A-489A9F0E87ED}.Release|Any CPU.ActiveCfg = Release|Any CPU
		{7FF5146F-8E08-4039-A57A-489A9F0E87ED}.Release|Any CPU.Build.0 = Release|Any CPU
		{7FF5146F-8E08-4039-A57A-489A9F0E87ED}.Release|x64.ActiveCfg = Release|Any CPU
		{7FF5146F-8E08-4039-A57A-489A9F0E87ED}.Release|x64.Build.0 = Release|Any CPU
		{7FF5146F-8E08-4039-A57A-489A9F0E87ED}.Release|x86.ActiveCfg = Release|Any CPU
		{7FF5146F-8E08-4039-A57A-489A9F0E87ED}.Release|x86.Build.0 = Release|Any CPU
		{56469463-1CE6-41D1-8876-7374976AAAFA}.Debug|Any CPU.ActiveCfg = Debug|Any CPU
		{56469463-1CE6-41D1-8876-7374976AAAFA}.Debug|Any CPU.Build.0 = Debug|Any CPU
		{56469463-1CE6-41D1-8876-7374976AAAFA}.Debug|x64.ActiveCfg = Debug|Any CPU
		{56469463-1CE6-41D1-8876-7374976AAAFA}.Debug|x64.Build.0 = Debug|Any CPU
		{56469463-1CE6-41D1-8876-7374976AAAFA}.Debug|x86.ActiveCfg = Debug|Any CPU
		{56469463-1CE6-41D1-8876-7374976AAAFA}.Debug|x86.Build.0 = Debug|Any CPU
		{56469463-1CE6-41D1-8876-7374976AAAFA}.Release|Any CPU.ActiveCfg = Release|Any CPU
		{56469463-1CE6-41D1-8876-7374976AAAFA}.Release|Any CPU.Build.0 = Release|Any CPU
		{56469463-1CE6-41D1-8876-7374976AAAFA}.Release|x64.ActiveCfg = Release|Any CPU
		{56469463-1CE6-41D1-8876-7374976AAAFA}.Release|x64.Build.0 = Release|Any CPU
		{56469463-1CE6-41D1-8876-7374976AAAFA}.Release|x86.ActiveCfg = Release|Any CPU
		{56469463-1CE6-41D1-8876-7374976AAAFA}.Release|x86.Build.0 = Release|Any CPU
		{0ED1C5E0-3436-4BDE-AAF5-3325ADF704B8}.Debug|Any CPU.ActiveCfg = Debug|Any CPU
		{0ED1C5E0-3436-4BDE-AAF5-3325ADF704B8}.Debug|Any CPU.Build.0 = Debug|Any CPU
		{0ED1C5E0-3436-4BDE-AAF5-3325ADF704B8}.Debug|x64.ActiveCfg = Debug|Any CPU
		{0ED1C5E0-3436-4BDE-AAF5-3325ADF704B8}.Debug|x64.Build.0 = Debug|Any CPU
		{0ED1C5E0-3436-4BDE-AAF5-3325ADF704B8}.Debug|x86.ActiveCfg = Debug|Any CPU
		{0ED1C5E0-3436-4BDE-AAF5-3325ADF704B8}.Debug|x86.Build.0 = Debug|Any CPU
		{0ED1C5E0-3436-4BDE-AAF5-3325ADF704B8}.Release|Any CPU.ActiveCfg = Release|Any CPU
		{0ED1C5E0-3436-4BDE-AAF5-3325ADF704B8}.Release|Any CPU.Build.0 = Release|Any CPU
		{0ED1C5E0-3436-4BDE-AAF5-3325ADF704B8}.Release|x64.ActiveCfg = Release|Any CPU
		{0ED1C5E0-3436-4BDE-AAF5-3325ADF704B8}.Release|x64.Build.0 = Release|Any CPU
		{0ED1C5E0-3436-4BDE-AAF5-3325ADF704B8}.Release|x86.ActiveCfg = Release|Any CPU
		{0ED1C5E0-3436-4BDE-AAF5-3325ADF704B8}.Release|x86.Build.0 = Release|Any CPU
		{B85C0A64-F392-40EA-BF9E-11A752FF0F51}.Debug|Any CPU.ActiveCfg = Debug|Any CPU
		{B85C0A64-F392-40EA-BF9E-11A752FF0F51}.Debug|Any CPU.Build.0 = Debug|Any CPU
		{B85C0A64-F392-40EA-BF9E-11A752FF0F51}.Debug|x64.ActiveCfg = Debug|Any CPU
		{B85C0A64-F392-40EA-BF9E-11A752FF0F51}.Debug|x64.Build.0 = Debug|Any CPU
		{B85C0A64-F392-40EA-BF9E-11A752FF0F51}.Debug|x86.ActiveCfg = Debug|Any CPU
		{B85C0A64-F392-40EA-BF9E-11A752FF0F51}.Debug|x86.Build.0 = Debug|Any CPU
		{B85C0A64-F392-40EA-BF9E-11A752FF0F51}.Release|Any CPU.ActiveCfg = Release|Any CPU
		{B85C0A64-F392-40EA-BF9E-11A752FF0F51}.Release|Any CPU.Build.0 = Release|Any CPU
		{B85C0A64-F392-40EA-BF9E-11A752FF0F51}.Release|x64.ActiveCfg = Release|Any CPU
		{B85C0A64-F392-40EA-BF9E-11A752FF0F51}.Release|x64.Build.0 = Release|Any CPU
		{B85C0A64-F392-40EA-BF9E-11A752FF0F51}.Release|x86.ActiveCfg = Release|Any CPU
		{B85C0A64-F392-40EA-BF9E-11A752FF0F51}.Release|x86.Build.0 = Release|Any CPU
		{0CF58868-0534-4563-BF3D-0A1E8CDDE093}.Debug|Any CPU.ActiveCfg = Debug|Any CPU
		{0CF58868-0534-4563-BF3D-0A1E8CDDE093}.Debug|Any CPU.Build.0 = Debug|Any CPU
		{0CF58868-0534-4563-BF3D-0A1E8CDDE093}.Debug|x64.ActiveCfg = Debug|Any CPU
		{0CF58868-0534-4563-BF3D-0A1E8CDDE093}.Debug|x64.Build.0 = Debug|Any CPU
		{0CF58868-0534-4563-BF3D-0A1E8CDDE093}.Debug|x86.ActiveCfg = Debug|Any CPU
		{0CF58868-0534-4563-BF3D-0A1E8CDDE093}.Debug|x86.Build.0 = Debug|Any CPU
		{0CF58868-0534-4563-BF3D-0A1E8CDDE093}.Release|Any CPU.ActiveCfg = Release|Any CPU
		{0CF58868-0534-4563-BF3D-0A1E8CDDE093}.Release|Any CPU.Build.0 = Release|Any CPU
		{0CF58868-0534-4563-BF3D-0A1E8CDDE093}.Release|x64.ActiveCfg = Release|Any CPU
		{0CF58868-0534-4563-BF3D-0A1E8CDDE093}.Release|x64.Build.0 = Release|Any CPU
		{0CF58868-0534-4563-BF3D-0A1E8CDDE093}.Release|x86.ActiveCfg = Release|Any CPU
		{0CF58868-0534-4563-BF3D-0A1E8CDDE093}.Release|x86.Build.0 = Release|Any CPU
		{1D56A175-4C1A-4606-BBB1-3CD8C8C36564}.Debug|Any CPU.ActiveCfg = Debug|Any CPU
		{1D56A175-4C1A-4606-BBB1-3CD8C8C36564}.Debug|Any CPU.Build.0 = Debug|Any CPU
		{1D56A175-4C1A-4606-BBB1-3CD8C8C36564}.Debug|x64.ActiveCfg = Debug|Any CPU
		{1D56A175-4C1A-4606-BBB1-3CD8C8C36564}.Debug|x64.Build.0 = Debug|Any CPU
		{1D56A175-4C1A-4606-BBB1-3CD8C8C36564}.Debug|x86.ActiveCfg = Debug|Any CPU
		{1D56A175-4C1A-4606-BBB1-3CD8C8C36564}.Debug|x86.Build.0 = Debug|Any CPU
		{1D56A175-4C1A-4606-BBB1-3CD8C8C36564}.Release|Any CPU.ActiveCfg = Release|Any CPU
		{1D56A175-4C1A-4606-BBB1-3CD8C8C36564}.Release|Any CPU.Build.0 = Release|Any CPU
		{1D56A175-4C1A-4606-BBB1-3CD8C8C36564}.Release|x64.ActiveCfg = Release|Any CPU
		{1D56A175-4C1A-4606-BBB1-3CD8C8C36564}.Release|x64.Build.0 = Release|Any CPU
		{1D56A175-4C1A-4606-BBB1-3CD8C8C36564}.Release|x86.ActiveCfg = Release|Any CPU
		{1D56A175-4C1A-4606-BBB1-3CD8C8C36564}.Release|x86.Build.0 = Release|Any CPU
		{46CE0D77-C369-41D4-BA0A-2C6E2EFD9F17}.Debug|Any CPU.ActiveCfg = Debug|Any CPU
		{46CE0D77-C369-41D4-BA0A-2C6E2EFD9F17}.Debug|Any CPU.Build.0 = Debug|Any CPU
		{46CE0D77-C369-41D4-BA0A-2C6E2EFD9F17}.Debug|x64.ActiveCfg = Debug|Any CPU
		{46CE0D77-C369-41D4-BA0A-2C6E2EFD9F17}.Debug|x64.Build.0 = Debug|Any CPU
		{46CE0D77-C369-41D4-BA0A-2C6E2EFD9F17}.Debug|x86.ActiveCfg = Debug|Any CPU
		{46CE0D77-C369-41D4-BA0A-2C6E2EFD9F17}.Debug|x86.Build.0 = Debug|Any CPU
		{46CE0D77-C369-41D4-BA0A-2C6E2EFD9F17}.Release|Any CPU.ActiveCfg = Release|Any CPU
		{46CE0D77-C369-41D4-BA0A-2C6E2EFD9F17}.Release|Any CPU.Build.0 = Release|Any CPU
		{46CE0D77-C369-41D4-BA0A-2C6E2EFD9F17}.Release|x64.ActiveCfg = Release|Any CPU
		{46CE0D77-C369-41D4-BA0A-2C6E2EFD9F17}.Release|x64.Build.0 = Release|Any CPU
		{46CE0D77-C369-41D4-BA0A-2C6E2EFD9F17}.Release|x86.ActiveCfg = Release|Any CPU
		{46CE0D77-C369-41D4-BA0A-2C6E2EFD9F17}.Release|x86.Build.0 = Release|Any CPU
		{DFF0A828-E73A-4238-9801-89A65AB536B3}.Debug|Any CPU.ActiveCfg = Debug|Any CPU
		{DFF0A828-E73A-4238-9801-89A65AB536B3}.Debug|Any CPU.Build.0 = Debug|Any CPU
		{DFF0A828-E73A-4238-9801-89A65AB536B3}.Debug|x64.ActiveCfg = Debug|Any CPU
		{DFF0A828-E73A-4238-9801-89A65AB536B3}.Debug|x64.Build.0 = Debug|Any CPU
		{DFF0A828-E73A-4238-9801-89A65AB536B3}.Debug|x86.ActiveCfg = Debug|Any CPU
		{DFF0A828-E73A-4238-9801-89A65AB536B3}.Debug|x86.Build.0 = Debug|Any CPU
		{DFF0A828-E73A-4238-9801-89A65AB536B3}.Release|Any CPU.ActiveCfg = Release|Any CPU
		{DFF0A828-E73A-4238-9801-89A65AB536B3}.Release|Any CPU.Build.0 = Release|Any CPU
		{DFF0A828-E73A-4238-9801-89A65AB536B3}.Release|x64.ActiveCfg = Release|Any CPU
		{DFF0A828-E73A-4238-9801-89A65AB536B3}.Release|x64.Build.0 = Release|Any CPU
		{DFF0A828-E73A-4238-9801-89A65AB536B3}.Release|x86.ActiveCfg = Release|Any CPU
		{DFF0A828-E73A-4238-9801-89A65AB536B3}.Release|x86.Build.0 = Release|Any CPU
		{8C407FCD-0A67-43B7-8A29-E382E3E8CD80}.Debug|Any CPU.ActiveCfg = Debug|Any CPU
		{8C407FCD-0A67-43B7-8A29-E382E3E8CD80}.Debug|Any CPU.Build.0 = Debug|Any CPU
		{8C407FCD-0A67-43B7-8A29-E382E3E8CD80}.Debug|x64.ActiveCfg = Debug|Any CPU
		{8C407FCD-0A67-43B7-8A29-E382E3E8CD80}.Debug|x64.Build.0 = Debug|Any CPU
		{8C407FCD-0A67-43B7-8A29-E382E3E8CD80}.Debug|x86.ActiveCfg = Debug|Any CPU
		{8C407FCD-0A67-43B7-8A29-E382E3E8CD80}.Debug|x86.Build.0 = Debug|Any CPU
		{8C407FCD-0A67-43B7-8A29-E382E3E8CD80}.Release|Any CPU.ActiveCfg = Release|Any CPU
		{8C407FCD-0A67-43B7-8A29-E382E3E8CD80}.Release|Any CPU.Build.0 = Release|Any CPU
		{8C407FCD-0A67-43B7-8A29-E382E3E8CD80}.Release|x64.ActiveCfg = Release|Any CPU
		{8C407FCD-0A67-43B7-8A29-E382E3E8CD80}.Release|x64.Build.0 = Release|Any CPU
		{8C407FCD-0A67-43B7-8A29-E382E3E8CD80}.Release|x86.ActiveCfg = Release|Any CPU
		{8C407FCD-0A67-43B7-8A29-E382E3E8CD80}.Release|x86.Build.0 = Release|Any CPU
		{54A0F193-A36C-4D4E-B22A-8F878DD0C2BA}.Debug|Any CPU.ActiveCfg = Debug|Any CPU
		{54A0F193-A36C-4D4E-B22A-8F878DD0C2BA}.Debug|Any CPU.Build.0 = Debug|Any CPU
		{54A0F193-A36C-4D4E-B22A-8F878DD0C2BA}.Debug|x64.ActiveCfg = Debug|Any CPU
		{54A0F193-A36C-4D4E-B22A-8F878DD0C2BA}.Debug|x64.Build.0 = Debug|Any CPU
		{54A0F193-A36C-4D4E-B22A-8F878DD0C2BA}.Debug|x86.ActiveCfg = Debug|Any CPU
		{54A0F193-A36C-4D4E-B22A-8F878DD0C2BA}.Debug|x86.Build.0 = Debug|Any CPU
		{54A0F193-A36C-4D4E-B22A-8F878DD0C2BA}.Release|Any CPU.ActiveCfg = Release|Any CPU
		{54A0F193-A36C-4D4E-B22A-8F878DD0C2BA}.Release|Any CPU.Build.0 = Release|Any CPU
		{54A0F193-A36C-4D4E-B22A-8F878DD0C2BA}.Release|x64.ActiveCfg = Release|Any CPU
		{54A0F193-A36C-4D4E-B22A-8F878DD0C2BA}.Release|x64.Build.0 = Release|Any CPU
		{54A0F193-A36C-4D4E-B22A-8F878DD0C2BA}.Release|x86.ActiveCfg = Release|Any CPU
		{54A0F193-A36C-4D4E-B22A-8F878DD0C2BA}.Release|x86.Build.0 = Release|Any CPU
		{2190337D-37FF-478D-AF6A-12B57467BB23}.Debug|Any CPU.ActiveCfg = Debug|Any CPU
		{2190337D-37FF-478D-AF6A-12B57467BB23}.Debug|Any CPU.Build.0 = Debug|Any CPU
		{2190337D-37FF-478D-AF6A-12B57467BB23}.Debug|x64.ActiveCfg = Debug|Any CPU
		{2190337D-37FF-478D-AF6A-12B57467BB23}.Debug|x64.Build.0 = Debug|Any CPU
		{2190337D-37FF-478D-AF6A-12B57467BB23}.Debug|x86.ActiveCfg = Debug|Any CPU
		{2190337D-37FF-478D-AF6A-12B57467BB23}.Debug|x86.Build.0 = Debug|Any CPU
		{2190337D-37FF-478D-AF6A-12B57467BB23}.Release|Any CPU.ActiveCfg = Release|Any CPU
		{2190337D-37FF-478D-AF6A-12B57467BB23}.Release|Any CPU.Build.0 = Release|Any CPU
		{2190337D-37FF-478D-AF6A-12B57467BB23}.Release|x64.ActiveCfg = Release|Any CPU
		{2190337D-37FF-478D-AF6A-12B57467BB23}.Release|x64.Build.0 = Release|Any CPU
		{2190337D-37FF-478D-AF6A-12B57467BB23}.Release|x86.ActiveCfg = Release|Any CPU
		{2190337D-37FF-478D-AF6A-12B57467BB23}.Release|x86.Build.0 = Release|Any CPU
		{1D76EF93-B190-43A8-9FCE-976B905753A5}.Debug|Any CPU.ActiveCfg = Debug|Any CPU
		{1D76EF93-B190-43A8-9FCE-976B905753A5}.Debug|Any CPU.Build.0 = Debug|Any CPU
		{1D76EF93-B190-43A8-9FCE-976B905753A5}.Debug|x64.ActiveCfg = Debug|Any CPU
		{1D76EF93-B190-43A8-9FCE-976B905753A5}.Debug|x64.Build.0 = Debug|Any CPU
		{1D76EF93-B190-43A8-9FCE-976B905753A5}.Debug|x86.ActiveCfg = Debug|Any CPU
		{1D76EF93-B190-43A8-9FCE-976B905753A5}.Debug|x86.Build.0 = Debug|Any CPU
		{1D76EF93-B190-43A8-9FCE-976B905753A5}.Release|Any CPU.ActiveCfg = Release|Any CPU
		{1D76EF93-B190-43A8-9FCE-976B905753A5}.Release|Any CPU.Build.0 = Release|Any CPU
		{1D76EF93-B190-43A8-9FCE-976B905753A5}.Release|x64.ActiveCfg = Release|Any CPU
		{1D76EF93-B190-43A8-9FCE-976B905753A5}.Release|x64.Build.0 = Release|Any CPU
		{1D76EF93-B190-43A8-9FCE-976B905753A5}.Release|x86.ActiveCfg = Release|Any CPU
		{1D76EF93-B190-43A8-9FCE-976B905753A5}.Release|x86.Build.0 = Release|Any CPU
		{7DAD5E58-5B4B-4D91-BFA8-59917617227E}.Debug|Any CPU.ActiveCfg = Debug|Any CPU
		{7DAD5E58-5B4B-4D91-BFA8-59917617227E}.Debug|Any CPU.Build.0 = Debug|Any CPU
		{7DAD5E58-5B4B-4D91-BFA8-59917617227E}.Debug|x64.ActiveCfg = Debug|Any CPU
		{7DAD5E58-5B4B-4D91-BFA8-59917617227E}.Debug|x64.Build.0 = Debug|Any CPU
		{7DAD5E58-5B4B-4D91-BFA8-59917617227E}.Debug|x86.ActiveCfg = Debug|Any CPU
		{7DAD5E58-5B4B-4D91-BFA8-59917617227E}.Debug|x86.Build.0 = Debug|Any CPU
		{7DAD5E58-5B4B-4D91-BFA8-59917617227E}.Release|Any CPU.ActiveCfg = Release|Any CPU
		{7DAD5E58-5B4B-4D91-BFA8-59917617227E}.Release|Any CPU.Build.0 = Release|Any CPU
		{7DAD5E58-5B4B-4D91-BFA8-59917617227E}.Release|x64.ActiveCfg = Release|Any CPU
		{7DAD5E58-5B4B-4D91-BFA8-59917617227E}.Release|x64.Build.0 = Release|Any CPU
		{7DAD5E58-5B4B-4D91-BFA8-59917617227E}.Release|x86.ActiveCfg = Release|Any CPU
		{7DAD5E58-5B4B-4D91-BFA8-59917617227E}.Release|x86.Build.0 = Release|Any CPU
		{7A4DC51C-B778-47DD-BC94-9A77A7FE3407}.Debug|Any CPU.ActiveCfg = Debug|Any CPU
		{7A4DC51C-B778-47DD-BC94-9A77A7FE3407}.Debug|Any CPU.Build.0 = Debug|Any CPU
		{7A4DC51C-B778-47DD-BC94-9A77A7FE3407}.Debug|x64.ActiveCfg = Debug|Any CPU
		{7A4DC51C-B778-47DD-BC94-9A77A7FE3407}.Debug|x64.Build.0 = Debug|Any CPU
		{7A4DC51C-B778-47DD-BC94-9A77A7FE3407}.Debug|x86.ActiveCfg = Debug|Any CPU
		{7A4DC51C-B778-47DD-BC94-9A77A7FE3407}.Debug|x86.Build.0 = Debug|Any CPU
		{7A4DC51C-B778-47DD-BC94-9A77A7FE3407}.Release|Any CPU.ActiveCfg = Release|Any CPU
		{7A4DC51C-B778-47DD-BC94-9A77A7FE3407}.Release|Any CPU.Build.0 = Release|Any CPU
		{7A4DC51C-B778-47DD-BC94-9A77A7FE3407}.Release|x64.ActiveCfg = Release|Any CPU
		{7A4DC51C-B778-47DD-BC94-9A77A7FE3407}.Release|x64.Build.0 = Release|Any CPU
		{7A4DC51C-B778-47DD-BC94-9A77A7FE3407}.Release|x86.ActiveCfg = Release|Any CPU
		{7A4DC51C-B778-47DD-BC94-9A77A7FE3407}.Release|x86.Build.0 = Release|Any CPU
		{A9B1FD94-22A8-440E-AFA0-97F569058D34}.Debug|Any CPU.ActiveCfg = Debug|Any CPU
		{A9B1FD94-22A8-440E-AFA0-97F569058D34}.Debug|Any CPU.Build.0 = Debug|Any CPU
		{A9B1FD94-22A8-440E-AFA0-97F569058D34}.Debug|x64.ActiveCfg = Debug|Any CPU
		{A9B1FD94-22A8-440E-AFA0-97F569058D34}.Debug|x64.Build.0 = Debug|Any CPU
		{A9B1FD94-22A8-440E-AFA0-97F569058D34}.Debug|x86.ActiveCfg = Debug|Any CPU
		{A9B1FD94-22A8-440E-AFA0-97F569058D34}.Debug|x86.Build.0 = Debug|Any CPU
		{A9B1FD94-22A8-440E-AFA0-97F569058D34}.Release|Any CPU.ActiveCfg = Release|Any CPU
		{A9B1FD94-22A8-440E-AFA0-97F569058D34}.Release|Any CPU.Build.0 = Release|Any CPU
		{A9B1FD94-22A8-440E-AFA0-97F569058D34}.Release|x64.ActiveCfg = Release|Any CPU
		{A9B1FD94-22A8-440E-AFA0-97F569058D34}.Release|x64.Build.0 = Release|Any CPU
		{A9B1FD94-22A8-440E-AFA0-97F569058D34}.Release|x86.ActiveCfg = Release|Any CPU
		{A9B1FD94-22A8-440E-AFA0-97F569058D34}.Release|x86.Build.0 = Release|Any CPU
		{3F371FA9-4E4E-472B-B804-30602B09479C}.Debug|Any CPU.ActiveCfg = Debug|Any CPU
		{3F371FA9-4E4E-472B-B804-30602B09479C}.Debug|Any CPU.Build.0 = Debug|Any CPU
		{3F371FA9-4E4E-472B-B804-30602B09479C}.Debug|x64.ActiveCfg = Debug|Any CPU
		{3F371FA9-4E4E-472B-B804-30602B09479C}.Debug|x64.Build.0 = Debug|Any CPU
		{3F371FA9-4E4E-472B-B804-30602B09479C}.Debug|x86.ActiveCfg = Debug|Any CPU
		{3F371FA9-4E4E-472B-B804-30602B09479C}.Debug|x86.Build.0 = Debug|Any CPU
		{3F371FA9-4E4E-472B-B804-30602B09479C}.Release|Any CPU.ActiveCfg = Release|Any CPU
		{3F371FA9-4E4E-472B-B804-30602B09479C}.Release|Any CPU.Build.0 = Release|Any CPU
		{3F371FA9-4E4E-472B-B804-30602B09479C}.Release|x64.ActiveCfg = Release|Any CPU
		{3F371FA9-4E4E-472B-B804-30602B09479C}.Release|x64.Build.0 = Release|Any CPU
		{3F371FA9-4E4E-472B-B804-30602B09479C}.Release|x86.ActiveCfg = Release|Any CPU
		{3F371FA9-4E4E-472B-B804-30602B09479C}.Release|x86.Build.0 = Release|Any CPU
		{02F83402-AD16-4F2B-A929-5D6513A7B346}.Debug|Any CPU.ActiveCfg = Debug|Any CPU
		{02F83402-AD16-4F2B-A929-5D6513A7B346}.Debug|Any CPU.Build.0 = Debug|Any CPU
		{02F83402-AD16-4F2B-A929-5D6513A7B346}.Debug|x64.ActiveCfg = Debug|Any CPU
		{02F83402-AD16-4F2B-A929-5D6513A7B346}.Debug|x64.Build.0 = Debug|Any CPU
		{02F83402-AD16-4F2B-A929-5D6513A7B346}.Debug|x86.ActiveCfg = Debug|Any CPU
		{02F83402-AD16-4F2B-A929-5D6513A7B346}.Debug|x86.Build.0 = Debug|Any CPU
		{02F83402-AD16-4F2B-A929-5D6513A7B346}.Release|Any CPU.ActiveCfg = Release|Any CPU
		{02F83402-AD16-4F2B-A929-5D6513A7B346}.Release|Any CPU.Build.0 = Release|Any CPU
		{02F83402-AD16-4F2B-A929-5D6513A7B346}.Release|x64.ActiveCfg = Release|Any CPU
		{02F83402-AD16-4F2B-A929-5D6513A7B346}.Release|x64.Build.0 = Release|Any CPU
		{02F83402-AD16-4F2B-A929-5D6513A7B346}.Release|x86.ActiveCfg = Release|Any CPU
		{02F83402-AD16-4F2B-A929-5D6513A7B346}.Release|x86.Build.0 = Release|Any CPU
		{9D34E4E8-D4D2-424A-9F8B-DC5B9CBE4202}.Debug|Any CPU.ActiveCfg = Debug|Any CPU
		{9D34E4E8-D4D2-424A-9F8B-DC5B9CBE4202}.Debug|Any CPU.Build.0 = Debug|Any CPU
		{9D34E4E8-D4D2-424A-9F8B-DC5B9CBE4202}.Debug|x64.ActiveCfg = Debug|Any CPU
		{9D34E4E8-D4D2-424A-9F8B-DC5B9CBE4202}.Debug|x64.Build.0 = Debug|Any CPU
		{9D34E4E8-D4D2-424A-9F8B-DC5B9CBE4202}.Debug|x86.ActiveCfg = Debug|Any CPU
		{9D34E4E8-D4D2-424A-9F8B-DC5B9CBE4202}.Debug|x86.Build.0 = Debug|Any CPU
		{9D34E4E8-D4D2-424A-9F8B-DC5B9CBE4202}.Release|Any CPU.ActiveCfg = Release|Any CPU
		{9D34E4E8-D4D2-424A-9F8B-DC5B9CBE4202}.Release|Any CPU.Build.0 = Release|Any CPU
		{9D34E4E8-D4D2-424A-9F8B-DC5B9CBE4202}.Release|x64.ActiveCfg = Release|Any CPU
		{9D34E4E8-D4D2-424A-9F8B-DC5B9CBE4202}.Release|x64.Build.0 = Release|Any CPU
		{9D34E4E8-D4D2-424A-9F8B-DC5B9CBE4202}.Release|x86.ActiveCfg = Release|Any CPU
		{9D34E4E8-D4D2-424A-9F8B-DC5B9CBE4202}.Release|x86.Build.0 = Release|Any CPU
		{4DDEBD9F-D80B-4005-97CB-04ED6FBB02AD}.Debug|Any CPU.ActiveCfg = Debug|Any CPU
		{4DDEBD9F-D80B-4005-97CB-04ED6FBB02AD}.Debug|Any CPU.Build.0 = Debug|Any CPU
		{4DDEBD9F-D80B-4005-97CB-04ED6FBB02AD}.Debug|x64.ActiveCfg = Debug|Any CPU
		{4DDEBD9F-D80B-4005-97CB-04ED6FBB02AD}.Debug|x64.Build.0 = Debug|Any CPU
		{4DDEBD9F-D80B-4005-97CB-04ED6FBB02AD}.Debug|x86.ActiveCfg = Debug|Any CPU
		{4DDEBD9F-D80B-4005-97CB-04ED6FBB02AD}.Debug|x86.Build.0 = Debug|Any CPU
		{4DDEBD9F-D80B-4005-97CB-04ED6FBB02AD}.Release|Any CPU.ActiveCfg = Release|Any CPU
		{4DDEBD9F-D80B-4005-97CB-04ED6FBB02AD}.Release|Any CPU.Build.0 = Release|Any CPU
		{4DDEBD9F-D80B-4005-97CB-04ED6FBB02AD}.Release|x64.ActiveCfg = Release|Any CPU
		{4DDEBD9F-D80B-4005-97CB-04ED6FBB02AD}.Release|x64.Build.0 = Release|Any CPU
		{4DDEBD9F-D80B-4005-97CB-04ED6FBB02AD}.Release|x86.ActiveCfg = Release|Any CPU
		{4DDEBD9F-D80B-4005-97CB-04ED6FBB02AD}.Release|x86.Build.0 = Release|Any CPU
		{1722B50B-A84A-4C1F-BCE3-9DF173DCBD71}.Debug|Any CPU.ActiveCfg = Debug|Any CPU
		{1722B50B-A84A-4C1F-BCE3-9DF173DCBD71}.Debug|Any CPU.Build.0 = Debug|Any CPU
		{1722B50B-A84A-4C1F-BCE3-9DF173DCBD71}.Debug|x64.ActiveCfg = Debug|Any CPU
		{1722B50B-A84A-4C1F-BCE3-9DF173DCBD71}.Debug|x64.Build.0 = Debug|Any CPU
		{1722B50B-A84A-4C1F-BCE3-9DF173DCBD71}.Debug|x86.ActiveCfg = Debug|Any CPU
		{1722B50B-A84A-4C1F-BCE3-9DF173DCBD71}.Debug|x86.Build.0 = Debug|Any CPU
		{1722B50B-A84A-4C1F-BCE3-9DF173DCBD71}.Release|Any CPU.ActiveCfg = Release|Any CPU
		{1722B50B-A84A-4C1F-BCE3-9DF173DCBD71}.Release|Any CPU.Build.0 = Release|Any CPU
		{1722B50B-A84A-4C1F-BCE3-9DF173DCBD71}.Release|x64.ActiveCfg = Release|Any CPU
		{1722B50B-A84A-4C1F-BCE3-9DF173DCBD71}.Release|x64.Build.0 = Release|Any CPU
		{1722B50B-A84A-4C1F-BCE3-9DF173DCBD71}.Release|x86.ActiveCfg = Release|Any CPU
		{1722B50B-A84A-4C1F-BCE3-9DF173DCBD71}.Release|x86.Build.0 = Release|Any CPU
		{AC784F3C-B8B7-42A7-8C52-F692ACF82B9D}.Debug|Any CPU.ActiveCfg = Debug|Any CPU
		{AC784F3C-B8B7-42A7-8C52-F692ACF82B9D}.Debug|Any CPU.Build.0 = Debug|Any CPU
		{AC784F3C-B8B7-42A7-8C52-F692ACF82B9D}.Debug|x64.ActiveCfg = Debug|Any CPU
		{AC784F3C-B8B7-42A7-8C52-F692ACF82B9D}.Debug|x64.Build.0 = Debug|Any CPU
		{AC784F3C-B8B7-42A7-8C52-F692ACF82B9D}.Debug|x86.ActiveCfg = Debug|Any CPU
		{AC784F3C-B8B7-42A7-8C52-F692ACF82B9D}.Debug|x86.Build.0 = Debug|Any CPU
		{AC784F3C-B8B7-42A7-8C52-F692ACF82B9D}.Release|Any CPU.ActiveCfg = Release|Any CPU
		{AC784F3C-B8B7-42A7-8C52-F692ACF82B9D}.Release|Any CPU.Build.0 = Release|Any CPU
		{AC784F3C-B8B7-42A7-8C52-F692ACF82B9D}.Release|x64.ActiveCfg = Release|Any CPU
		{AC784F3C-B8B7-42A7-8C52-F692ACF82B9D}.Release|x64.Build.0 = Release|Any CPU
		{AC784F3C-B8B7-42A7-8C52-F692ACF82B9D}.Release|x86.ActiveCfg = Release|Any CPU
		{AC784F3C-B8B7-42A7-8C52-F692ACF82B9D}.Release|x86.Build.0 = Release|Any CPU
		{77F10ED5-DAF6-49B7-87F0-7CC7CA34685D}.Debug|Any CPU.ActiveCfg = Debug|Any CPU
		{77F10ED5-DAF6-49B7-87F0-7CC7CA34685D}.Debug|Any CPU.Build.0 = Debug|Any CPU
		{77F10ED5-DAF6-49B7-87F0-7CC7CA34685D}.Debug|x64.ActiveCfg = Debug|Any CPU
		{77F10ED5-DAF6-49B7-87F0-7CC7CA34685D}.Debug|x64.Build.0 = Debug|Any CPU
		{77F10ED5-DAF6-49B7-87F0-7CC7CA34685D}.Debug|x86.ActiveCfg = Debug|Any CPU
		{77F10ED5-DAF6-49B7-87F0-7CC7CA34685D}.Debug|x86.Build.0 = Debug|Any CPU
		{77F10ED5-DAF6-49B7-87F0-7CC7CA34685D}.Release|Any CPU.ActiveCfg = Release|Any CPU
		{77F10ED5-DAF6-49B7-87F0-7CC7CA34685D}.Release|Any CPU.Build.0 = Release|Any CPU
		{77F10ED5-DAF6-49B7-87F0-7CC7CA34685D}.Release|x64.ActiveCfg = Release|Any CPU
		{77F10ED5-DAF6-49B7-87F0-7CC7CA34685D}.Release|x64.Build.0 = Release|Any CPU
		{77F10ED5-DAF6-49B7-87F0-7CC7CA34685D}.Release|x86.ActiveCfg = Release|Any CPU
		{77F10ED5-DAF6-49B7-87F0-7CC7CA34685D}.Release|x86.Build.0 = Release|Any CPU
		{8E58C723-EB43-4D7F-8426-9507766AD6C8}.Debug|Any CPU.ActiveCfg = Debug|Any CPU
		{8E58C723-EB43-4D7F-8426-9507766AD6C8}.Debug|Any CPU.Build.0 = Debug|Any CPU
		{8E58C723-EB43-4D7F-8426-9507766AD6C8}.Debug|x64.ActiveCfg = Debug|Any CPU
		{8E58C723-EB43-4D7F-8426-9507766AD6C8}.Debug|x64.Build.0 = Debug|Any CPU
		{8E58C723-EB43-4D7F-8426-9507766AD6C8}.Debug|x86.ActiveCfg = Debug|Any CPU
		{8E58C723-EB43-4D7F-8426-9507766AD6C8}.Debug|x86.Build.0 = Debug|Any CPU
		{8E58C723-EB43-4D7F-8426-9507766AD6C8}.Release|Any CPU.ActiveCfg = Release|Any CPU
		{8E58C723-EB43-4D7F-8426-9507766AD6C8}.Release|Any CPU.Build.0 = Release|Any CPU
		{8E58C723-EB43-4D7F-8426-9507766AD6C8}.Release|x64.ActiveCfg = Release|Any CPU
		{8E58C723-EB43-4D7F-8426-9507766AD6C8}.Release|x64.Build.0 = Release|Any CPU
		{8E58C723-EB43-4D7F-8426-9507766AD6C8}.Release|x86.ActiveCfg = Release|Any CPU
		{8E58C723-EB43-4D7F-8426-9507766AD6C8}.Release|x86.Build.0 = Release|Any CPU
		{747A9A0E-6C87-4BDF-B8F4-D6C14BA6C1BE}.Debug|Any CPU.ActiveCfg = Debug|Any CPU
		{747A9A0E-6C87-4BDF-B8F4-D6C14BA6C1BE}.Debug|Any CPU.Build.0 = Debug|Any CPU
		{747A9A0E-6C87-4BDF-B8F4-D6C14BA6C1BE}.Debug|x64.ActiveCfg = Debug|Any CPU
		{747A9A0E-6C87-4BDF-B8F4-D6C14BA6C1BE}.Debug|x64.Build.0 = Debug|Any CPU
		{747A9A0E-6C87-4BDF-B8F4-D6C14BA6C1BE}.Debug|x86.ActiveCfg = Debug|Any CPU
		{747A9A0E-6C87-4BDF-B8F4-D6C14BA6C1BE}.Debug|x86.Build.0 = Debug|Any CPU
		{747A9A0E-6C87-4BDF-B8F4-D6C14BA6C1BE}.Release|Any CPU.ActiveCfg = Release|Any CPU
		{747A9A0E-6C87-4BDF-B8F4-D6C14BA6C1BE}.Release|Any CPU.Build.0 = Release|Any CPU
		{747A9A0E-6C87-4BDF-B8F4-D6C14BA6C1BE}.Release|x64.ActiveCfg = Release|Any CPU
		{747A9A0E-6C87-4BDF-B8F4-D6C14BA6C1BE}.Release|x64.Build.0 = Release|Any CPU
		{747A9A0E-6C87-4BDF-B8F4-D6C14BA6C1BE}.Release|x86.ActiveCfg = Release|Any CPU
		{747A9A0E-6C87-4BDF-B8F4-D6C14BA6C1BE}.Release|x86.Build.0 = Release|Any CPU
		{2BB7EA73-13C0-4D45-8C5C-761A7836E3C3}.Debug|Any CPU.ActiveCfg = Debug|Any CPU
		{2BB7EA73-13C0-4D45-8C5C-761A7836E3C3}.Debug|Any CPU.Build.0 = Debug|Any CPU
		{2BB7EA73-13C0-4D45-8C5C-761A7836E3C3}.Debug|x64.ActiveCfg = Debug|Any CPU
		{2BB7EA73-13C0-4D45-8C5C-761A7836E3C3}.Debug|x64.Build.0 = Debug|Any CPU
		{2BB7EA73-13C0-4D45-8C5C-761A7836E3C3}.Debug|x86.ActiveCfg = Debug|Any CPU
		{2BB7EA73-13C0-4D45-8C5C-761A7836E3C3}.Debug|x86.Build.0 = Debug|Any CPU
		{2BB7EA73-13C0-4D45-8C5C-761A7836E3C3}.Release|Any CPU.ActiveCfg = Release|Any CPU
		{2BB7EA73-13C0-4D45-8C5C-761A7836E3C3}.Release|Any CPU.Build.0 = Release|Any CPU
		{2BB7EA73-13C0-4D45-8C5C-761A7836E3C3}.Release|x64.ActiveCfg = Release|Any CPU
		{2BB7EA73-13C0-4D45-8C5C-761A7836E3C3}.Release|x64.Build.0 = Release|Any CPU
		{2BB7EA73-13C0-4D45-8C5C-761A7836E3C3}.Release|x86.ActiveCfg = Release|Any CPU
		{2BB7EA73-13C0-4D45-8C5C-761A7836E3C3}.Release|x86.Build.0 = Release|Any CPU
		{C7D2524D-5708-4E82-BBA6-4C27DE318E07}.Debug|Any CPU.ActiveCfg = Debug|Any CPU
		{C7D2524D-5708-4E82-BBA6-4C27DE318E07}.Debug|Any CPU.Build.0 = Debug|Any CPU
		{C7D2524D-5708-4E82-BBA6-4C27DE318E07}.Debug|x64.ActiveCfg = Debug|Any CPU
		{C7D2524D-5708-4E82-BBA6-4C27DE318E07}.Debug|x64.Build.0 = Debug|Any CPU
		{C7D2524D-5708-4E82-BBA6-4C27DE318E07}.Debug|x86.ActiveCfg = Debug|Any CPU
		{C7D2524D-5708-4E82-BBA6-4C27DE318E07}.Debug|x86.Build.0 = Debug|Any CPU
		{C7D2524D-5708-4E82-BBA6-4C27DE318E07}.Release|Any CPU.ActiveCfg = Release|Any CPU
		{C7D2524D-5708-4E82-BBA6-4C27DE318E07}.Release|Any CPU.Build.0 = Release|Any CPU
		{C7D2524D-5708-4E82-BBA6-4C27DE318E07}.Release|x64.ActiveCfg = Release|Any CPU
		{C7D2524D-5708-4E82-BBA6-4C27DE318E07}.Release|x64.Build.0 = Release|Any CPU
		{C7D2524D-5708-4E82-BBA6-4C27DE318E07}.Release|x86.ActiveCfg = Release|Any CPU
		{C7D2524D-5708-4E82-BBA6-4C27DE318E07}.Release|x86.Build.0 = Release|Any CPU
		{67F96954-1712-4070-B176-B0B8F3DDE1F9}.Debug|Any CPU.ActiveCfg = Debug|Any CPU
		{67F96954-1712-4070-B176-B0B8F3DDE1F9}.Debug|Any CPU.Build.0 = Debug|Any CPU
		{67F96954-1712-4070-B176-B0B8F3DDE1F9}.Debug|x64.ActiveCfg = Debug|Any CPU
		{67F96954-1712-4070-B176-B0B8F3DDE1F9}.Debug|x64.Build.0 = Debug|Any CPU
		{67F96954-1712-4070-B176-B0B8F3DDE1F9}.Debug|x86.ActiveCfg = Debug|Any CPU
		{67F96954-1712-4070-B176-B0B8F3DDE1F9}.Debug|x86.Build.0 = Debug|Any CPU
		{67F96954-1712-4070-B176-B0B8F3DDE1F9}.Release|Any CPU.ActiveCfg = Release|Any CPU
		{67F96954-1712-4070-B176-B0B8F3DDE1F9}.Release|Any CPU.Build.0 = Release|Any CPU
		{67F96954-1712-4070-B176-B0B8F3DDE1F9}.Release|x64.ActiveCfg = Release|Any CPU
		{67F96954-1712-4070-B176-B0B8F3DDE1F9}.Release|x64.Build.0 = Release|Any CPU
		{67F96954-1712-4070-B176-B0B8F3DDE1F9}.Release|x86.ActiveCfg = Release|Any CPU
		{67F96954-1712-4070-B176-B0B8F3DDE1F9}.Release|x86.Build.0 = Release|Any CPU
		{D3059B00-7A10-455D-9546-BDEEE74D0F40}.Debug|Any CPU.ActiveCfg = Debug|Any CPU
		{D3059B00-7A10-455D-9546-BDEEE74D0F40}.Debug|Any CPU.Build.0 = Debug|Any CPU
		{D3059B00-7A10-455D-9546-BDEEE74D0F40}.Debug|x64.ActiveCfg = Debug|Any CPU
		{D3059B00-7A10-455D-9546-BDEEE74D0F40}.Debug|x64.Build.0 = Debug|Any CPU
		{D3059B00-7A10-455D-9546-BDEEE74D0F40}.Debug|x86.ActiveCfg = Debug|Any CPU
		{D3059B00-7A10-455D-9546-BDEEE74D0F40}.Debug|x86.Build.0 = Debug|Any CPU
		{D3059B00-7A10-455D-9546-BDEEE74D0F40}.Release|Any CPU.ActiveCfg = Release|Any CPU
		{D3059B00-7A10-455D-9546-BDEEE74D0F40}.Release|Any CPU.Build.0 = Release|Any CPU
		{D3059B00-7A10-455D-9546-BDEEE74D0F40}.Release|x64.ActiveCfg = Release|Any CPU
		{D3059B00-7A10-455D-9546-BDEEE74D0F40}.Release|x64.Build.0 = Release|Any CPU
		{D3059B00-7A10-455D-9546-BDEEE74D0F40}.Release|x86.ActiveCfg = Release|Any CPU
		{D3059B00-7A10-455D-9546-BDEEE74D0F40}.Release|x86.Build.0 = Release|Any CPU
		{33010930-E6B0-4B84-B2C9-32403B2F46B1}.Debug|Any CPU.ActiveCfg = Debug|Any CPU
		{33010930-E6B0-4B84-B2C9-32403B2F46B1}.Debug|Any CPU.Build.0 = Debug|Any CPU
		{33010930-E6B0-4B84-B2C9-32403B2F46B1}.Debug|x64.ActiveCfg = Debug|Any CPU
		{33010930-E6B0-4B84-B2C9-32403B2F46B1}.Debug|x64.Build.0 = Debug|Any CPU
		{33010930-E6B0-4B84-B2C9-32403B2F46B1}.Debug|x86.ActiveCfg = Debug|Any CPU
		{33010930-E6B0-4B84-B2C9-32403B2F46B1}.Debug|x86.Build.0 = Debug|Any CPU
		{33010930-E6B0-4B84-B2C9-32403B2F46B1}.Release|Any CPU.ActiveCfg = Release|Any CPU
		{33010930-E6B0-4B84-B2C9-32403B2F46B1}.Release|Any CPU.Build.0 = Release|Any CPU
		{33010930-E6B0-4B84-B2C9-32403B2F46B1}.Release|x64.ActiveCfg = Release|Any CPU
		{33010930-E6B0-4B84-B2C9-32403B2F46B1}.Release|x64.Build.0 = Release|Any CPU
		{33010930-E6B0-4B84-B2C9-32403B2F46B1}.Release|x86.ActiveCfg = Release|Any CPU
		{33010930-E6B0-4B84-B2C9-32403B2F46B1}.Release|x86.Build.0 = Release|Any CPU
		{7B6F8A61-4A53-4F43-90C9-CDF6EFB24971}.Debug|Any CPU.ActiveCfg = Debug|Any CPU
		{7B6F8A61-4A53-4F43-90C9-CDF6EFB24971}.Debug|Any CPU.Build.0 = Debug|Any CPU
		{7B6F8A61-4A53-4F43-90C9-CDF6EFB24971}.Debug|x64.ActiveCfg = Debug|Any CPU
		{7B6F8A61-4A53-4F43-90C9-CDF6EFB24971}.Debug|x64.Build.0 = Debug|Any CPU
		{7B6F8A61-4A53-4F43-90C9-CDF6EFB24971}.Debug|x86.ActiveCfg = Debug|Any CPU
		{7B6F8A61-4A53-4F43-90C9-CDF6EFB24971}.Debug|x86.Build.0 = Debug|Any CPU
		{7B6F8A61-4A53-4F43-90C9-CDF6EFB24971}.Release|Any CPU.ActiveCfg = Release|Any CPU
		{7B6F8A61-4A53-4F43-90C9-CDF6EFB24971}.Release|Any CPU.Build.0 = Release|Any CPU
		{7B6F8A61-4A53-4F43-90C9-CDF6EFB24971}.Release|x64.ActiveCfg = Release|Any CPU
		{7B6F8A61-4A53-4F43-90C9-CDF6EFB24971}.Release|x64.Build.0 = Release|Any CPU
		{7B6F8A61-4A53-4F43-90C9-CDF6EFB24971}.Release|x86.ActiveCfg = Release|Any CPU
		{7B6F8A61-4A53-4F43-90C9-CDF6EFB24971}.Release|x86.Build.0 = Release|Any CPU
		{493E78D0-55A7-4C04-9743-AB5603F9E42C}.Debug|Any CPU.ActiveCfg = Debug|Any CPU
		{493E78D0-55A7-4C04-9743-AB5603F9E42C}.Debug|Any CPU.Build.0 = Debug|Any CPU
		{493E78D0-55A7-4C04-9743-AB5603F9E42C}.Debug|x64.ActiveCfg = Debug|Any CPU
		{493E78D0-55A7-4C04-9743-AB5603F9E42C}.Debug|x64.Build.0 = Debug|Any CPU
		{493E78D0-55A7-4C04-9743-AB5603F9E42C}.Debug|x86.ActiveCfg = Debug|Any CPU
		{493E78D0-55A7-4C04-9743-AB5603F9E42C}.Debug|x86.Build.0 = Debug|Any CPU
		{493E78D0-55A7-4C04-9743-AB5603F9E42C}.Release|Any CPU.ActiveCfg = Release|Any CPU
		{493E78D0-55A7-4C04-9743-AB5603F9E42C}.Release|Any CPU.Build.0 = Release|Any CPU
		{493E78D0-55A7-4C04-9743-AB5603F9E42C}.Release|x64.ActiveCfg = Release|Any CPU
		{493E78D0-55A7-4C04-9743-AB5603F9E42C}.Release|x64.Build.0 = Release|Any CPU
		{493E78D0-55A7-4C04-9743-AB5603F9E42C}.Release|x86.ActiveCfg = Release|Any CPU
		{493E78D0-55A7-4C04-9743-AB5603F9E42C}.Release|x86.Build.0 = Release|Any CPU
	EndGlobalSection
	GlobalSection(SolutionProperties) = preSolution
		HideSolutionNode = FALSE
	EndGlobalSection
	GlobalSection(NestedProjects) = preSolution
		{4FBE8B64-06DD-4031-84BB-22EFBFC9946B} = {827E0CD3-B72D-47B6-A68D-7590B98EB39B}
		{7FF5146F-8E08-4039-A57A-489A9F0E87ED} = {827E0CD3-B72D-47B6-A68D-7590B98EB39B}
		{56469463-1CE6-41D1-8876-7374976AAAFA} = {827E0CD3-B72D-47B6-A68D-7590B98EB39B}
		{0ED1C5E0-3436-4BDE-AAF5-3325ADF704B8} = {78453166-59D3-F6E5-1AF7-6BAE5D72A388}
		{B85C0A64-F392-40EA-BF9E-11A752FF0F51} = {B08B4D4D-59D4-4B2C-AF1F-EEA2D2C2D7B1}
		{0CF58868-0534-4563-BF3D-0A1E8CDDE093} = {B08B4D4D-59D4-4B2C-AF1F-EEA2D2C2D7B1}
		{1D56A175-4C1A-4606-BBB1-3CD8C8C36564} = {07C2787E-EAC7-C090-1BA3-A61EC2A24D84}
		{46CE0D77-C369-41D4-BA0A-2C6E2EFD9F17} = {0AB3BF05-4346-4AA6-1389-037BE0695223}
		{DFF0A828-E73A-4238-9801-89A65AB536B3} = {B08B4D4D-59D4-4B2C-AF1F-EEA2D2C2D7B1}
		{8C407FCD-0A67-43B7-8A29-E382E3E8CD80} = {B08B4D4D-59D4-4B2C-AF1F-EEA2D2C2D7B1}
		{54A0F193-A36C-4D4E-B22A-8F878DD0C2BA} = {B08B4D4D-59D4-4B2C-AF1F-EEA2D2C2D7B1}
		{2190337D-37FF-478D-AF6A-12B57467BB23} = {B08B4D4D-59D4-4B2C-AF1F-EEA2D2C2D7B1}
		{1D76EF93-B190-43A8-9FCE-976B905753A5} = {B08B4D4D-59D4-4B2C-AF1F-EEA2D2C2D7B1}
		{7DAD5E58-5B4B-4D91-BFA8-59917617227E} = {B08B4D4D-59D4-4B2C-AF1F-EEA2D2C2D7B1}
		{7A4DC51C-B778-47DD-BC94-9A77A7FE3407} = {B08B4D4D-59D4-4B2C-AF1F-EEA2D2C2D7B1}
		{A9B1FD94-22A8-440E-AFA0-97F569058D34} = {B08B4D4D-59D4-4B2C-AF1F-EEA2D2C2D7B1}
		{3F371FA9-4E4E-472B-B804-30602B09479C} = {B08B4D4D-59D4-4B2C-AF1F-EEA2D2C2D7B1}
		{02F83402-AD16-4F2B-A929-5D6513A7B346} = {B08B4D4D-59D4-4B2C-AF1F-EEA2D2C2D7B1}
		{9D34E4E8-D4D2-424A-9F8B-DC5B9CBE4202} = {B08B4D4D-59D4-4B2C-AF1F-EEA2D2C2D7B1}
		{4DDEBD9F-D80B-4005-97CB-04ED6FBB02AD} = {B08B4D4D-59D4-4B2C-AF1F-EEA2D2C2D7B1}
		{1722B50B-A84A-4C1F-BCE3-9DF173DCBD71} = {B08B4D4D-59D4-4B2C-AF1F-EEA2D2C2D7B1}
		{AC784F3C-B8B7-42A7-8C52-F692ACF82B9D} = {B08B4D4D-59D4-4B2C-AF1F-EEA2D2C2D7B1}
		{77F10ED5-DAF6-49B7-87F0-7CC7CA34685D} = {B08B4D4D-59D4-4B2C-AF1F-EEA2D2C2D7B1}
		{8E58C723-EB43-4D7F-8426-9507766AD6C8} = {B08B4D4D-59D4-4B2C-AF1F-EEA2D2C2D7B1}
		{747A9A0E-6C87-4BDF-B8F4-D6C14BA6C1BE} = {B08B4D4D-59D4-4B2C-AF1F-EEA2D2C2D7B1}
		{2BB7EA73-13C0-4D45-8C5C-761A7836E3C3} = {B08B4D4D-59D4-4B2C-AF1F-EEA2D2C2D7B1}
		{C7D2524D-5708-4E82-BBA6-4C27DE318E07} = {B08B4D4D-59D4-4B2C-AF1F-EEA2D2C2D7B1}
		{67F96954-1712-4070-B176-B0B8F3DDE1F9} = {B08B4D4D-59D4-4B2C-AF1F-EEA2D2C2D7B1}
		{D3059B00-7A10-455D-9546-BDEEE74D0F40} = {5D20AA90-6969-D8BD-9DCD-8634F4692FDA}
		{33010930-E6B0-4B84-B2C9-32403B2F46B1} = {5D20AA90-6969-D8BD-9DCD-8634F4692FDA}
		{7B6F8A61-4A53-4F43-90C9-CDF6EFB24971} = {5D20AA90-6969-D8BD-9DCD-8634F4692FDA}
		{493E78D0-55A7-4C04-9743-AB5603F9E42C} = {5D20AA90-6969-D8BD-9DCD-8634F4692FDA}
	EndGlobalSection
EndGlobal
