
Microsoft Visual Studio Solution File, Format Version 12.00
# Visual Studio Version 18
VisualStudioVersion = 18.1.11312.151
MinimumVisualStudioVersion = 10.0.40219.1
Project("{2150E333-8FDC-42A3-9474-1A3956D46DE8}") = "src", "src", "{02EA681E-C7D8-13C7-8484-4AC65E1B71E8}"
EndProject
Project("{FAE04EC0-301F-11D3-BF4B-00C04F79EFBC}") = "TensorRtSharp", "src\TensorRtSharp.csproj", "{AF819692-55FE-CB00-4B0C-B66E3DF7F426}"
EndProject
Project("{2150E333-8FDC-42A3-9474-1A3956D46DE8}") = "demos", "demos", "{9ACC212F-D122-40E2-96EE-6942D14827F9}"
EndProject
Project("{FAE04EC0-301F-11D3-BF4B-00C04F79EFBC}") = "TestDemo", "demos\TestDemo\TestDemo.csproj", "{84717022-0C87-4AB1-BE75-B163560F671C}"
EndProject
Project("{FAE04EC0-301F-11D3-BF4B-00C04F79EFBC}") = "WinFormsAppDemo", "demos\WinFormsAppDemo\WinFormsAppDemo.csproj", "{C3740A97-4CC1-425D-A736-BC508F920094}"
EndProject
Project("{2150E333-8FDC-42A3-9474-1A3956D46DE8}") = "samples", "samples", "{2CD59431-6F6B-4DAB-BD98-45CE9302AB07}"
EndProject
Project("{FAE04EC0-301F-11D3-BF4B-00C04F79EFBC}") = "SetCudaDeviceInfo", "samples\SetCudaDeviceInfo\SetCudaDeviceInfo.csproj", "{0343ADDF-B0BA-4925-AE8D-EE50E1111395}"
EndProject
Project("{FAE04EC0-301F-11D3-BF4B-00C04F79EFBC}") = "OnnxToEngine", "samples\OnnxToEngine\OnnxToEngine.csproj", "{6B650A39-B478-46AD-9A0D-A5DA9DD5C8DF}"
EndProject
Project("{FAE04EC0-301F-11D3-BF4B-00C04F79EFBC}") = "YoloObbInfer", "samples\YoloObbInfer\YoloObbInfer.csproj", "{45212CE8-0FEC-8EEE-EF37-319B82F7C5A3}"
EndProject
Project("{FAE04EC0-301F-11D3-BF4B-00C04F79EFBC}") = "YoloDetInfer", "samples\YoloDetInfer\YoloDetInfer.csproj", "{D5C375A0-C987-485F-A1E7-521A54468C13}"
EndProject
Project("{FAE04EC0-301F-11D3-BF4B-00C04F79EFBC}") = "YoloObbBatchInfer", "samples\YoloObbBatchInfer\YoloObbBatchInfer.csproj", "{BDC1D193-3A4B-4B68-9765-F0C6222E56DB}"
EndProject
Project("{FAE04EC0-301F-11D3-BF4B-00C04F79EFBC}") = "YoloDetParallelInfer", "samples\YoloDetParallelInfer\YoloDetParallelInfer.csproj", "{9AF00A25-6256-4497-A65E-C43F2AE29662}"
EndProject
Project("{FAE04EC0-301F-11D3-BF4B-00C04F79EFBC}") = "YoloDetInferVideo", "samples\YoloDetInferVideo\YoloDetInferVideo.csproj", "{02A31D96-1425-45D1-97EB-F2388CF4BAB3}"
EndProject
Global
	GlobalSection(SolutionConfigurationPlatforms) = preSolution
		Debug|Any CPU = Debug|Any CPU
		Release|Any CPU = Release|Any CPU
	EndGlobalSection
	GlobalSection(ProjectConfigurationPlatforms) = postSolution
		{AF819692-55FE-CB00-4B0C-B66E3DF7F426}.Debug|Any CPU.ActiveCfg = Debug|Any CPU
		{AF819692-55FE-CB00-4B0C-B66E3DF7F426}.Debug|Any CPU.Build.0 = Debug|Any CPU
		{AF819692-55FE-CB00-4B0C-B66E3DF7F426}.Release|Any CPU.ActiveCfg = Release|Any CPU
		{AF819692-55FE-CB00-4B0C-B66E3DF7F426}.Release|Any CPU.Build.0 = Release|Any CPU
		{84717022-0C87-4AB1-BE75-B163560F671C}.Debug|Any CPU.ActiveCfg = Debug|Any CPU
		{84717022-0C87-4AB1-BE75-B163560F671C}.Debug|Any CPU.Build.0 = Debug|Any CPU
		{84717022-0C87-4AB1-BE75-B163560F671C}.Release|Any CPU.ActiveCfg = Release|Any CPU
		{84717022-0C87-4AB1-BE75-B163560F671C}.Release|Any CPU.Build.0 = Release|Any CPU
		{C3740A97-4CC1-425D-A736-BC508F920094}.Debug|Any CPU.ActiveCfg = Debug|Any CPU
		{C3740A97-4CC1-425D-A736-BC508F920094}.Debug|Any CPU.Build.0 = Debug|Any CPU
		{C3740A97-4CC1-425D-A736-BC508F920094}.Release|Any CPU.ActiveCfg = Release|Any CPU
		{C3740A97-4CC1-425D-A736-BC508F920094}.Release|Any CPU.Build.0 = Release|Any CPU
		{0343ADDF-B0BA-4925-AE8D-EE50E1111395}.Debug|Any CPU.ActiveCfg = Debug|Any CPU
		{0343ADDF-B0BA-4925-AE8D-EE50E1111395}.Debug|Any CPU.Build.0 = Debug|Any CPU
		{0343ADDF-B0BA-4925-AE8D-EE50E1111395}.Release|Any CPU.ActiveCfg = Release|Any CPU
		{0343ADDF-B0BA-4925-AE8D-EE50E1111395}.Release|Any CPU.Build.0 = Release|Any CPU
		{6B650A39-B478-46AD-9A0D-A5DA9DD5C8DF}.Debug|Any CPU.ActiveCfg = Debug|Any CPU
		{6B650A39-B478-46AD-9A0D-A5DA9DD5C8DF}.Debug|Any CPU.Build.0 = Debug|Any CPU
		{6B650A39-B478-46AD-9A0D-A5DA9DD5C8DF}.Release|Any CPU.ActiveCfg = Release|Any CPU
		{6B650A39-B478-46AD-9A0D-A5DA9DD5C8DF}.Release|Any CPU.Build.0 = Release|Any CPU
		{45212CE8-0FEC-8EEE-EF37-319B82F7C5A3}.Debug|Any CPU.ActiveCfg = Debug|Any CPU
		{45212CE8-0FEC-8EEE-EF37-319B82F7C5A3}.Debug|Any CPU.Build.0 = Debug|Any CPU
		{45212CE8-0FEC-8EEE-EF37-319B82F7C5A3}.Release|Any CPU.ActiveCfg = Release|Any CPU
		{45212CE8-0FEC-8EEE-EF37-319B82F7C5A3}.Release|Any CPU.Build.0 = Release|Any CPU
		{D5C375A0-C987-485F-A1E7-521A54468C13}.Debug|Any CPU.ActiveCfg = Debug|Any CPU
		{D5C375A0-C987-485F-A1E7-521A54468C13}.Debug|Any CPU.Build.0 = Debug|Any CPU
		{D5C375A0-C987-485F-A1E7-521A54468C13}.Release|Any CPU.ActiveCfg = Release|Any CPU
		{D5C375A0-C987-485F-A1E7-521A54468C13}.Release|Any CPU.Build.0 = Release|Any CPU
		{BDC1D193-3A4B-4B68-9765-F0C6222E56DB}.Debug|Any CPU.ActiveCfg = Debug|Any CPU
		{BDC1D193-3A4B-4B68-9765-F0C6222E56DB}.Debug|Any CPU.Build.0 = Debug|Any CPU
		{BDC1D193-3A4B-4B68-9765-F0C6222E56DB}.Release|Any CPU.ActiveCfg = Release|Any CPU
		{BDC1D193-3A4B-4B68-9765-F0C6222E56DB}.Release|Any CPU.Build.0 = Release|Any CPU
		{9AF00A25-6256-4497-A65E-C43F2AE29662}.Debug|Any CPU.ActiveCfg = Debug|Any CPU
		{9AF00A25-6256-4497-A65E-C43F2AE29662}.Debug|Any CPU.Build.0 = Debug|Any CPU
		{9AF00A25-6256-4497-A65E-C43F2AE29662}.Release|Any CPU.ActiveCfg = Release|Any CPU
		{9AF00A25-6256-4497-A65E-C43F2AE29662}.Release|Any CPU.Build.0 = Release|Any CPU
		{02A31D96-1425-45D1-97EB-F2388CF4BAB3}.Debug|Any CPU.ActiveCfg = Debug|Any CPU
		{02A31D96-1425-45D1-97EB-F2388CF4BAB3}.Debug|Any CPU.Build.0 = Debug|Any CPU
		{02A31D96-1425-45D1-97EB-F2388CF4BAB3}.Release|Any CPU.ActiveCfg = Release|Any CPU
		{02A31D96-1425-45D1-97EB-F2388CF4BAB3}.Release|Any CPU.Build.0 = Release|Any CPU
	EndGlobalSection
	GlobalSection(SolutionProperties) = preSolution
		HideSolutionNode = FALSE
	EndGlobalSection
	GlobalSection(NestedProjects) = preSolution
		{AF819692-55FE-CB00-4B0C-B66E3DF7F426} = {02EA681E-C7D8-13C7-8484-4AC65E1B71E8}
		{84717022-0C87-4AB1-BE75-B163560F671C} = {9ACC212F-D122-40E2-96EE-6942D14827F9}
		{C3740A97-4CC1-425D-A736-BC508F920094} = {9ACC212F-D122-40E2-96EE-6942D14827F9}
		{0343ADDF-B0BA-4925-AE8D-EE50E1111395} = {2CD59431-6F6B-4DAB-BD98-45CE9302AB07}
		{6B650A39-B478-46AD-9A0D-A5DA9DD5C8DF} = {2CD59431-6F6B-4DAB-BD98-45CE9302AB07}
		{45212CE8-0FEC-8EEE-EF37-319B82F7C5A3} = {2CD59431-6F6B-4DAB-BD98-45CE9302AB07}
		{D5C375A0-C987-485F-A1E7-521A54468C13} = {2CD59431-6F6B-4DAB-BD98-45CE9302AB07}
		{BDC1D193-3A4B-4B68-9765-F0C6222E56DB} = {2CD59431-6F6B-4DAB-BD98-45CE9302AB07}
		{9AF00A25-6256-4497-A65E-C43F2AE29662} = {2CD59431-6F6B-4DAB-BD98-45CE9302AB07}
		{02A31D96-1425-45D1-97EB-F2388CF4BAB3} = {2CD59431-6F6B-4DAB-BD98-45CE9302AB07}
	EndGlobalSection
	GlobalSection(ExtensibilityGlobals) = postSolution
		SolutionGuid = {FF56287F-D355-4281-A49F-E4C9AADA94D9}
	EndGlobalSection
EndGlobal
